
Microsoft Visual Studio Solution File, Format Version 12.00
# Visual Studio 15
VisualStudioVersion = 15.0.27703.2035
MinimumVisualStudioVersion = 10.0.40219.1
Project("{FAE04EC0-301F-11D3-BF4B-00C04F79EFBC}") = "MyLab", "MyLab\MyLab.csproj", "{F00AD506-3BCE-415D-BDED-B0C62810906E}"
EndProject
Global
	GlobalSection(SolutionConfigurationPlatforms) = preSolution
		Debug|Any CPU = Debug|Any CPU
		Release|Any CPU = Release|Any CPU
	EndGlobalSection
	GlobalSection(ProjectConfigurationPlatforms) = postSolution
		{F00AD506-3BCE-415D-BDED-B0C62810906E}.Debug|Any CPU.ActiveCfg = Debug|Any CPU
		{F00AD506-3BCE-415D-BDED-B0C62810906E}.Debug|Any CPU.Build.0 = Debug|Any CPU
		{F00AD506-3BCE-415D-BDED-B0C62810906E}.Release|Any CPU.ActiveCfg = Release|Any CPU
		{F00AD506-3BCE-415D-BDED-B0C62810906E}.Release|Any CPU.Build.0 = Release|Any CPU
	EndGlobalSection
	GlobalSection(SolutionProperties) = preSolution
		HideSolutionNode = FALSE
	EndGlobalSection
	GlobalSection(ExtensibilityGlobals) = postSolution
		SolutionGuid = {DB783C13-2D63-496C-BA1B-E747F28CF8E7}
	EndGlobalSection
EndGlobal
